
Microsoft Visual Studio Solution File, Format Version 12.00
# Visual Studio Version 16
VisualStudioVersion = 16.0.31624.102
MinimumVisualStudioVersion = 10.0.40219.1
Project("{FAE04EC0-301F-11D3-BF4B-00C04F79EFBC}") = "HaciendoReportes", "HaciendoReportes.csproj", "{243C7290-E543-4344-B09F-52EB0ECB767A}"
EndProject
Global
	GlobalSection(SolutionConfigurationPlatforms) = preSolution
		Debug|Any CPU = Debug|Any CPU
		Release|Any CPU = Release|Any CPU
	EndGlobalSection
	GlobalSection(ProjectConfigurationPlatforms) = postSolution
		{243C7290-E543-4344-B09F-52EB0ECB767A}.Debug|Any CPU.ActiveCfg = Debug|Any CPU
		{243C7290-E543-4344-B09F-52EB0ECB767A}.Debug|Any CPU.Build.0 = Debug|Any CPU
		{243C7290-E543-4344-B09F-52EB0ECB767A}.Release|Any CPU.ActiveCfg = Release|Any CPU
		{243C7290-E543-4344-B09F-52EB0ECB767A}.Release|Any CPU.Build.0 = Release|Any CPU
	EndGlobalSection
	GlobalSection(SolutionProperties) = preSolution
		HideSolutionNode = FALSE
	EndGlobalSection
	GlobalSection(ExtensibilityGlobals) = postSolution
		SolutionGuid = {8689C664-D8B5-4A9C-B172-C3E312D172F0}
	EndGlobalSection
EndGlobal
